// !$*UTF8*$!
{
	archiveVersion = 1;
	classes = {
	};
	objectVersion = 55;
	objects = {

/* Begin PBXBuildFile section */
		909AA39B94AA48A8E40AB830 /* Pods_TFood.framework in Frameworks */ = {isa = PBXBuildFile; fileRef = E324BEFCA541595B3F75A7BA /* Pods_TFood.framework */; };
		EA0AEF9C28FEC80500496069 /* productCell.swift in Sources */ = {isa = PBXBuildFile; fileRef = EA0AEF9B28FEC80500496069 /* productCell.swift */; };
		EA0AEF9E28FF1FEB00496069 /* UIView + Extensions.swift in Sources */ = {isa = PBXBuildFile; fileRef = EA0AEF9D28FF1FEB00496069 /* UIView + Extensions.swift */; };
		EA841AD828F8D3C80080216D /* SFUIText-Medium.ttf in Resources */ = {isa = PBXBuildFile; fileRef = EA841ACC28F8D3C60080216D /* SFUIText-Medium.ttf */; };
		EA841AD928F8D3C80080216D /* SFUIText-Heavy.ttf in Resources */ = {isa = PBXBuildFile; fileRef = EA841ACD28F8D3C70080216D /* SFUIText-Heavy.ttf */; };
		EA841ADA28F8D3C80080216D /* SFUIText-LightItalic.ttf in Resources */ = {isa = PBXBuildFile; fileRef = EA841ACE28F8D3C70080216D /* SFUIText-LightItalic.ttf */; };
		EA841ADB28F8D3C80080216D /* SFUIText-MediumItalic.ttf in Resources */ = {isa = PBXBuildFile; fileRef = EA841ACF28F8D3C70080216D /* SFUIText-MediumItalic.ttf */; };
		EA841ADC28F8D3C80080216D /* SFUIText-BoldItalic.ttf in Resources */ = {isa = PBXBuildFile; fileRef = EA841AD028F8D3C70080216D /* SFUIText-BoldItalic.ttf */; };
		EA841ADD28F8D3C80080216D /* SFUIText-Regular.ttf in Resources */ = {isa = PBXBuildFile; fileRef = EA841AD128F8D3C70080216D /* SFUIText-Regular.ttf */; };
		EA841ADE28F8D3C80080216D /* SFUIText-RegularItalic.ttf in Resources */ = {isa = PBXBuildFile; fileRef = EA841AD228F8D3C70080216D /* SFUIText-RegularItalic.ttf */; };
		EA841ADF28F8D3C80080216D /* SFUIText-SemiboldItalic.ttf in Resources */ = {isa = PBXBuildFile; fileRef = EA841AD328F8D3C70080216D /* SFUIText-SemiboldItalic.ttf */; };
		EA841AE028F8D3C80080216D /* SFUIText-Light.ttf in Resources */ = {isa = PBXBuildFile; fileRef = EA841AD428F8D3C70080216D /* SFUIText-Light.ttf */; };
		EA841AE128F8D3C80080216D /* SFUIText-Semibold.ttf in Resources */ = {isa = PBXBuildFile; fileRef = EA841AD528F8D3C80080216D /* SFUIText-Semibold.ttf */; };
		EA841AE228F8D3C80080216D /* SFUIText-Bold.ttf in Resources */ = {isa = PBXBuildFile; fileRef = EA841AD628F8D3C80080216D /* SFUIText-Bold.ttf */; };
		EA841AE328F8D3C80080216D /* SFUIText-HeavyItalic.ttf in Resources */ = {isa = PBXBuildFile; fileRef = EA841AD728F8D3C80080216D /* SFUIText-HeavyItalic.ttf */; };
		EA841AE628F8D4090080216D /* UIIFont + Extensions.swift in Sources */ = {isa = PBXBuildFile; fileRef = EA841AE528F8D4090080216D /* UIIFont + Extensions.swift */; };
		EA841AE828F8D65C0080216D /* UIColor + Extensions.swift in Sources */ = {isa = PBXBuildFile; fileRef = EA841AE728F8D65C0080216D /* UIColor + Extensions.swift */; };
		EA841B0628F9AC670080216D /* HeaderView.swift in Sources */ = {isa = PBXBuildFile; fileRef = EA841B0528F9AC670080216D /* HeaderView.swift */; };
		EAA73DBA27E10C7800FE995D /* HomeViewController.swift in Sources */ = {isa = PBXBuildFile; fileRef = EAA73DB927E10C7800FE995D /* HomeViewController.swift */; };
		EAD0B6A227D9311000361306 /* AppDelegate.swift in Sources */ = {isa = PBXBuildFile; fileRef = EAD0B6A127D9311000361306 /* AppDelegate.swift */; };
		EAD0B6A427D9311000361306 /* SceneDelegate.swift in Sources */ = {isa = PBXBuildFile; fileRef = EAD0B6A327D9311000361306 /* SceneDelegate.swift */; };
		EAD0B6AC27D9311000361306 /* TFood.xcdatamodeld in Sources */ = {isa = PBXBuildFile; fileRef = EAD0B6AA27D9311000361306 /* TFood.xcdatamodeld */; };
		EAD0B6AE27D9311200361306 /* Assets.xcassets in Resources */ = {isa = PBXBuildFile; fileRef = EAD0B6AD27D9311200361306 /* Assets.xcassets */; };
		EAD0B6B127D9311200361306 /* LaunchScreen.storyboard in Resources */ = {isa = PBXBuildFile; fileRef = EAD0B6AF27D9311200361306 /* LaunchScreen.storyboard */; };
/* End PBXBuildFile section */

/* Begin PBXFileReference section */
		83F04BE7173D63D1B1D82CB1 /* Pods-TFood.release.xcconfig */ = {isa = PBXFileReference; includeInIndex = 1; lastKnownFileType = text.xcconfig; name = "Pods-TFood.release.xcconfig"; path = "Target Support Files/Pods-TFood/Pods-TFood.release.xcconfig"; sourceTree = "<group>"; };
		A5EAE115FB1674F843AAE419 /* Pods-TFood.debug.xcconfig */ = {isa = PBXFileReference; includeInIndex = 1; lastKnownFileType = text.xcconfig; name = "Pods-TFood.debug.xcconfig"; path = "Target Support Files/Pods-TFood/Pods-TFood.debug.xcconfig"; sourceTree = "<group>"; };
		E324BEFCA541595B3F75A7BA /* Pods_TFood.framework */ = {isa = PBXFileReference; explicitFileType = wrapper.framework; includeInIndex = 0; path = Pods_TFood.framework; sourceTree = BUILT_PRODUCTS_DIR; };
		EA0AEF9B28FEC80500496069 /* productCell.swift */ = {isa = PBXFileReference; lastKnownFileType = sourcecode.swift; path = productCell.swift; sourceTree = "<group>"; };
		EA0AEF9D28FF1FEB00496069 /* UIView + Extensions.swift */ = {isa = PBXFileReference; lastKnownFileType = sourcecode.swift; path = "UIView + Extensions.swift"; sourceTree = "<group>"; };
		EA841ACC28F8D3C60080216D /* SFUIText-Medium.ttf */ = {isa = PBXFileReference; lastKnownFileType = file; path = "SFUIText-Medium.ttf"; sourceTree = "<group>"; };
		EA841ACD28F8D3C70080216D /* SFUIText-Heavy.ttf */ = {isa = PBXFileReference; lastKnownFileType = file; path = "SFUIText-Heavy.ttf"; sourceTree = "<group>"; };
		EA841ACE28F8D3C70080216D /* SFUIText-LightItalic.ttf */ = {isa = PBXFileReference; lastKnownFileType = file; path = "SFUIText-LightItalic.ttf"; sourceTree = "<group>"; };
		EA841ACF28F8D3C70080216D /* SFUIText-MediumItalic.ttf */ = {isa = PBXFileReference; lastKnownFileType = file; path = "SFUIText-MediumItalic.ttf"; sourceTree = "<group>"; };
		EA841AD028F8D3C70080216D /* SFUIText-BoldItalic.ttf */ = {isa = PBXFileReference; lastKnownFileType = file; path = "SFUIText-BoldItalic.ttf"; sourceTree = "<group>"; };
		EA841AD128F8D3C70080216D /* SFUIText-Regular.ttf */ = {isa = PBXFileReference; lastKnownFileType = file; path = "SFUIText-Regular.ttf"; sourceTree = "<group>"; };
		EA841AD228F8D3C70080216D /* SFUIText-RegularItalic.ttf */ = {isa = PBXFileReference; lastKnownFileType = file; path = "SFUIText-RegularItalic.ttf"; sourceTree = "<group>"; };
		EA841AD328F8D3C70080216D /* SFUIText-SemiboldItalic.ttf */ = {isa = PBXFileReference; lastKnownFileType = file; path = "SFUIText-SemiboldItalic.ttf"; sourceTree = "<group>"; };
		EA841AD428F8D3C70080216D /* SFUIText-Light.ttf */ = {isa = PBXFileReference; lastKnownFileType = file; path = "SFUIText-Light.ttf"; sourceTree = "<group>"; };
		EA841AD528F8D3C80080216D /* SFUIText-Semibold.ttf */ = {isa = PBXFileReference; lastKnownFileType = file; path = "SFUIText-Semibold.ttf"; sourceTree = "<group>"; };
		EA841AD628F8D3C80080216D /* SFUIText-Bold.ttf */ = {isa = PBXFileReference; lastKnownFileType = file; path = "SFUIText-Bold.ttf"; sourceTree = "<group>"; };
		EA841AD728F8D3C80080216D /* SFUIText-HeavyItalic.ttf */ = {isa = PBXFileReference; lastKnownFileType = file; path = "SFUIText-HeavyItalic.ttf"; sourceTree = "<group>"; };
		EA841AE528F8D4090080216D /* UIIFont + Extensions.swift */ = {isa = PBXFileReference; lastKnownFileType = sourcecode.swift; path = "UIIFont + Extensions.swift"; sourceTree = "<group>"; };
		EA841AE728F8D65C0080216D /* UIColor + Extensions.swift */ = {isa = PBXFileReference; lastKnownFileType = sourcecode.swift; path = "UIColor + Extensions.swift"; sourceTree = "<group>"; };
		EA841B0528F9AC670080216D /* HeaderView.swift */ = {isa = PBXFileReference; lastKnownFileType = sourcecode.swift; path = HeaderView.swift; sourceTree = "<group>"; };
		EAA73DB927E10C7800FE995D /* HomeViewController.swift */ = {isa = PBXFileReference; lastKnownFileType = sourcecode.swift; path = HomeViewController.swift; sourceTree = "<group>"; };
		EAD0B69E27D9311000361306 /* TFood.app */ = {isa = PBXFileReference; explicitFileType = wrapper.application; includeInIndex = 0; path = TFood.app; sourceTree = BUILT_PRODUCTS_DIR; };
		EAD0B6A127D9311000361306 /* AppDelegate.swift */ = {isa = PBXFileReference; lastKnownFileType = sourcecode.swift; path = AppDelegate.swift; sourceTree = "<group>"; };
		EAD0B6A327D9311000361306 /* SceneDelegate.swift */ = {isa = PBXFileReference; lastKnownFileType = sourcecode.swift; path = SceneDelegate.swift; sourceTree = "<group>"; };
		EAD0B6AB27D9311000361306 /* TFood.xcdatamodel */ = {isa = PBXFileReference; lastKnownFileType = wrapper.xcdatamodel; path = TFood.xcdatamodel; sourceTree = "<group>"; };
		EAD0B6AD27D9311200361306 /* Assets.xcassets */ = {isa = PBXFileReference; lastKnownFileType = folder.assetcatalog; path = Assets.xcassets; sourceTree = "<group>"; };
		EAD0B6B027D9311200361306 /* Base */ = {isa = PBXFileReference; lastKnownFileType = file.storyboard; name = Base; path = Base.lproj/LaunchScreen.storyboard; sourceTree = "<group>"; };
		EAD0B6B227D9311200361306 /* Info.plist */ = {isa = PBXFileReference; lastKnownFileType = text.plist.xml; path = Info.plist; sourceTree = "<group>"; };
/* End PBXFileReference section */

/* Begin PBXFrameworksBuildPhase section */
		EAD0B69B27D9311000361306 /* Frameworks */ = {
			isa = PBXFrameworksBuildPhase;
			buildActionMask = 2147483647;
			files = (
				909AA39B94AA48A8E40AB830 /* Pods_TFood.framework in Frameworks */,
			);
			runOnlyForDeploymentPostprocessing = 0;
		};
/* End PBXFrameworksBuildPhase section */

/* Begin PBXGroup section */
		4EC0AEDCFF76CA42C466248F /* Pods */ = {
			isa = PBXGroup;
			children = (
				A5EAE115FB1674F843AAE419 /* Pods-TFood.debug.xcconfig */,
				83F04BE7173D63D1B1D82CB1 /* Pods-TFood.release.xcconfig */,
			);
			path = Pods;
			sourceTree = "<group>";
		};
		B3E3B51F30DBFAB5EF5E00FF /* Frameworks */ = {
			isa = PBXGroup;
			children = (
				E324BEFCA541595B3F75A7BA /* Pods_TFood.framework */,
			);
			name = Frameworks;
			sourceTree = "<group>";
		};
		EA841ACB28F8D3AC0080216D /* Fontts */ = {
			isa = PBXGroup;
			children = (
				EA841AD628F8D3C80080216D /* SFUIText-Bold.ttf */,
				EA841AD028F8D3C70080216D /* SFUIText-BoldItalic.ttf */,
				EA841ACD28F8D3C70080216D /* SFUIText-Heavy.ttf */,
				EA841AD728F8D3C80080216D /* SFUIText-HeavyItalic.ttf */,
				EA841AD428F8D3C70080216D /* SFUIText-Light.ttf */,
				EA841ACE28F8D3C70080216D /* SFUIText-LightItalic.ttf */,
				EA841ACC28F8D3C60080216D /* SFUIText-Medium.ttf */,
				EA841ACF28F8D3C70080216D /* SFUIText-MediumItalic.ttf */,
				EA841AD128F8D3C70080216D /* SFUIText-Regular.ttf */,
				EA841AD228F8D3C70080216D /* SFUIText-RegularItalic.ttf */,
				EA841AD528F8D3C80080216D /* SFUIText-Semibold.ttf */,
				EA841AD328F8D3C70080216D /* SFUIText-SemiboldItalic.ttf */,
			);
			path = Fontts;
			sourceTree = "<group>";
		};
		EA841AE428F8D3E80080216D /* Extensions */ = {
			isa = PBXGroup;
			children = (
				EA841AE528F8D4090080216D /* UIIFont + Extensions.swift */,
				EA841AE728F8D65C0080216D /* UIColor + Extensions.swift */,
				EA0AEF9D28FF1FEB00496069 /* UIView + Extensions.swift */,
			);
			path = Extensions;
			sourceTree = "<group>";
		};
		EA841B0328F9ABBC0080216D /* UserStories */ = {
			isa = PBXGroup;
			children = (
				EA841B0428F9AC2A0080216D /* TableView */,
				EAA73DB927E10C7800FE995D /* HomeViewController.swift */,
				EA0AEF9B28FEC80500496069 /* productCell.swift */,
			);
			path = UserStories;
			sourceTree = "<group>";
		};
		EA841B0428F9AC2A0080216D /* TableView */ = {
			isa = PBXGroup;
			children = (
				EA841B0528F9AC670080216D /* HeaderView.swift */,
			);
			path = TableView;
			sourceTree = "<group>";
		};
		EAD0B69527D9311000361306 = {
			isa = PBXGroup;
			children = (
				EAD0B6A027D9311000361306 /* TFood */,
				EAD0B69F27D9311000361306 /* Products */,
				4EC0AEDCFF76CA42C466248F /* Pods */,
				B3E3B51F30DBFAB5EF5E00FF /* Frameworks */,
			);
			sourceTree = "<group>";
		};
		EAD0B69F27D9311000361306 /* Products */ = {
			isa = PBXGroup;
			children = (
				EAD0B69E27D9311000361306 /* TFood.app */,
			);
			name = Products;
			sourceTree = "<group>";
		};
		EAD0B6A027D9311000361306 /* TFood */ = {
			isa = PBXGroup;
			children = (
				EA841B0328F9ABBC0080216D /* UserStories */,
				EA841ACB28F8D3AC0080216D /* Fontts */,
				EAD8BB6027FB7C7500131C7C /* Scene */,
				EA841AE428F8D3E80080216D /* Extensions */,
				EAD0B6AD27D9311200361306 /* Assets.xcassets */,
				EAD0B6AF27D9311200361306 /* LaunchScreen.storyboard */,
				EAD0B6B227D9311200361306 /* Info.plist */,
				EAD0B6AA27D9311000361306 /* TFood.xcdatamodeld */,
			);
			path = TFood;
			sourceTree = "<group>";
		};
		EAD8BB6027FB7C7500131C7C /* Scene */ = {
			isa = PBXGroup;
			children = (
				EAD0B6A127D9311000361306 /* AppDelegate.swift */,
				EAD0B6A327D9311000361306 /* SceneDelegate.swift */,
			);
			path = Scene;
			sourceTree = "<group>";
		};
/* End PBXGroup section */

/* Begin PBXNativeTarget section */
		EAD0B69D27D9311000361306 /* TFood */ = {
			isa = PBXNativeTarget;
			buildConfigurationList = EAD0B6B527D9311200361306 /* Build configuration list for PBXNativeTarget "TFood" */;
			buildPhases = (
				C383886E28123E6CA94541B0 /* [CP] Check Pods Manifest.lock */,
				EAD0B69A27D9311000361306 /* Sources */,
				EAD0B69B27D9311000361306 /* Frameworks */,
				EAD0B69C27D9311000361306 /* Resources */,
				72DFCB4E3682BF7EB1D8D4AC /* [CP] Embed Pods Frameworks */,
			);
			buildRules = (
			);
			dependencies = (
			);
			name = TFood;
			productName = TFood;
			productReference = EAD0B69E27D9311000361306 /* TFood.app */;
			productType = "com.apple.product-type.application";
		};
/* End PBXNativeTarget section */

/* Begin PBXProject section */
		EAD0B69627D9311000361306 /* Project object */ = {
			isa = PBXProject;
			attributes = {
				BuildIndependentTargetsInParallel = 1;
				LastSwiftUpdateCheck = 1320;
				LastUpgradeCheck = 1320;
				TargetAttributes = {
					EAD0B69D27D9311000361306 = {
						CreatedOnToolsVersion = 13.2.1;
					};
				};
			};
			buildConfigurationList = EAD0B69927D9311000361306 /* Build configuration list for PBXProject "TFood" */;
			compatibilityVersion = "Xcode 13.0";
			developmentRegion = en;
			hasScannedForEncodings = 0;
			knownRegions = (
				en,
				Base,
			);
			mainGroup = EAD0B69527D9311000361306;
			productRefGroup = EAD0B69F27D9311000361306 /* Products */;
			projectDirPath = "";
			projectRoot = "";
			targets = (
				EAD0B69D27D9311000361306 /* TFood */,
			);
		};
/* End PBXProject section */

/* Begin PBXResourcesBuildPhase section */
		EAD0B69C27D9311000361306 /* Resources */ = {
			isa = PBXResourcesBuildPhase;
			buildActionMask = 2147483647;
			files = (
				EA841AE028F8D3C80080216D /* SFUIText-Light.ttf in Resources */,
				EA841AE128F8D3C80080216D /* SFUIText-Semibold.ttf in Resources */,
				EA841AD928F8D3C80080216D /* SFUIText-Heavy.ttf in Resources */,
				EAD0B6B127D9311200361306 /* LaunchScreen.storyboard in Resources */,
				EA841ADC28F8D3C80080216D /* SFUIText-BoldItalic.ttf in Resources */,
				EA841ADF28F8D3C80080216D /* SFUIText-SemiboldItalic.ttf in Resources */,
				EA841ADD28F8D3C80080216D /* SFUIText-Regular.ttf in Resources */,
				EA841ADE28F8D3C80080216D /* SFUIText-RegularItalic.ttf in Resources */,
				EA841ADA28F8D3C80080216D /* SFUIText-LightItalic.ttf in Resources */,
				EA841AE228F8D3C80080216D /* SFUIText-Bold.ttf in Resources */,
				EA841ADB28F8D3C80080216D /* SFUIText-MediumItalic.ttf in Resources */,
				EA841AD828F8D3C80080216D /* SFUIText-Medium.ttf in Resources */,
				EA841AE328F8D3C80080216D /* SFUIText-HeavyItalic.ttf in Resources */,
				EAD0B6AE27D9311200361306 /* Assets.xcassets in Resources */,
			);
			runOnlyForDeploymentPostprocessing = 0;
		};
/* End PBXResourcesBuildPhase section */

/* Begin PBXShellScriptBuildPhase section */
		72DFCB4E3682BF7EB1D8D4AC /* [CP] Embed Pods Frameworks */ = {
			isa = PBXShellScriptBuildPhase;
			buildActionMask = 2147483647;
			files = (
			);
			inputFileListPaths = (
				"${PODS_ROOT}/Target Support Files/Pods-TFood/Pods-TFood-frameworks-${CONFIGURATION}-input-files.xcfilelist",
			);
			name = "[CP] Embed Pods Frameworks";
			outputFileListPaths = (
				"${PODS_ROOT}/Target Support Files/Pods-TFood/Pods-TFood-frameworks-${CONFIGURATION}-output-files.xcfilelist",
			);
			runOnlyForDeploymentPostprocessing = 0;
			shellPath = /bin/sh;
			shellScript = "\"${PODS_ROOT}/Target Support Files/Pods-TFood/Pods-TFood-frameworks.sh\"\n";
			showEnvVarsInLog = 0;
		};
		C383886E28123E6CA94541B0 /* [CP] Check Pods Manifest.lock */ = {
			isa = PBXShellScriptBuildPhase;
			buildActionMask = 2147483647;
			files = (
			);
			inputFileListPaths = (
			);
			inputPaths = (
				"${PODS_PODFILE_DIR_PATH}/Podfile.lock",
				"${PODS_ROOT}/Manifest.lock",
			);
			name = "[CP] Check Pods Manifest.lock";
			outputFileListPaths = (
			);
			outputPaths = (
				"$(DERIVED_FILE_DIR)/Pods-TFood-checkManifestLockResult.txt",
			);
			runOnlyForDeploymentPostprocessing = 0;
			shellPath = /bin/sh;
			shellScript = "diff \"${PODS_PODFILE_DIR_PATH}/Podfile.lock\" \"${PODS_ROOT}/Manifest.lock\" > /dev/null\nif [ $? != 0 ] ; then\n    # print error to STDERR\n    echo \"error: The sandbox is not in sync with the Podfile.lock. Run 'pod install' or update your CocoaPods installation.\" >&2\n    exit 1\nfi\n# This output is used by Xcode 'outputs' to avoid re-running this script phase.\necho \"SUCCESS\" > \"${SCRIPT_OUTPUT_FILE_0}\"\n";
			showEnvVarsInLog = 0;
		};
/* End PBXShellScriptBuildPhase section */

/* Begin PBXSourcesBuildPhase section */
		EAD0B69A27D9311000361306 /* Sources */ = {
			isa = PBXSourcesBuildPhase;
			buildActionMask = 2147483647;
			files = (
				EAD0B6A227D9311000361306 /* AppDelegate.swift in Sources */,
				EAA73DBA27E10C7800FE995D /* HomeViewController.swift in Sources */,
				EAD0B6AC27D9311000361306 /* TFood.xcdatamodeld in Sources */,
				EA841AE828F8D65C0080216D /* UIColor + Extensions.swift in Sources */,
				EAD0B6A427D9311000361306 /* SceneDelegate.swift in Sources */,
				EA0AEF9C28FEC80500496069 /* productCell.swift in Sources */,
				EA841AE628F8D4090080216D /* UIIFont + Extensions.swift in Sources */,
				EA0AEF9E28FF1FEB00496069 /* UIView + Extensions.swift in Sources */,
				EA841B0628F9AC670080216D /* HeaderView.swift in Sources */,
			);
			runOnlyForDeploymentPostprocessing = 0;
		};
/* End PBXSourcesBuildPhase section */

/* Begin PBXVariantGroup section */
		EAD0B6AF27D9311200361306 /* LaunchScreen.storyboard */ = {
			isa = PBXVariantGroup;
			children = (
				EAD0B6B027D9311200361306 /* Base */,
			);
			name = LaunchScreen.storyboard;
			sourceTree = "<group>";
		};
/* End PBXVariantGroup section */

/* Begin XCBuildConfiguration section */
		EAD0B6B327D9311200361306 /* Debug */ = {
			isa = XCBuildConfiguration;
			buildSettings = {
				ALWAYS_SEARCH_USER_PATHS = NO;
				CLANG_ANALYZER_NONNULL = YES;
				CLANG_ANALYZER_NUMBER_OBJECT_CONVERSION = YES_AGGRESSIVE;
				CLANG_CXX_LANGUAGE_STANDARD = "gnu++17";
				CLANG_CXX_LIBRARY = "libc++";
				CLANG_ENABLE_MODULES = YES;
				CLANG_ENABLE_OBJC_ARC = YES;
				CLANG_ENABLE_OBJC_WEAK = YES;
				CLANG_WARN_BLOCK_CAPTURE_AUTORELEASING = YES;
				CLANG_WARN_BOOL_CONVERSION = YES;
				CLANG_WARN_COMMA = YES;
				CLANG_WARN_CONSTANT_CONVERSION = YES;
				CLANG_WARN_DEPRECATED_OBJC_IMPLEMENTATIONS = YES;
				CLANG_WARN_DIRECT_OBJC_ISA_USAGE = YES_ERROR;
				CLANG_WARN_DOCUMENTATION_COMMENTS = YES;
				CLANG_WARN_EMPTY_BODY = YES;
				CLANG_WARN_ENUM_CONVERSION = YES;
				CLANG_WARN_INFINITE_RECURSION = YES;
				CLANG_WARN_INT_CONVERSION = YES;
				CLANG_WARN_NON_LITERAL_NULL_CONVERSION = YES;
				CLANG_WARN_OBJC_IMPLICIT_RETAIN_SELF = YES;
				CLANG_WARN_OBJC_LITERAL_CONVERSION = YES;
				CLANG_WARN_OBJC_ROOT_CLASS = YES_ERROR;
				CLANG_WARN_QUOTED_INCLUDE_IN_FRAMEWORK_HEADER = YES;
				CLANG_WARN_RANGE_LOOP_ANALYSIS = YES;
				CLANG_WARN_STRICT_PROTOTYPES = YES;
				CLANG_WARN_SUSPICIOUS_MOVE = YES;
				CLANG_WARN_UNGUARDED_AVAILABILITY = YES_AGGRESSIVE;
				CLANG_WARN_UNREACHABLE_CODE = YES;
				CLANG_WARN__DUPLICATE_METHOD_MATCH = YES;
				COPY_PHASE_STRIP = NO;
				DEBUG_INFORMATION_FORMAT = dwarf;
				ENABLE_STRICT_OBJC_MSGSEND = YES;
				ENABLE_TESTABILITY = YES;
				GCC_C_LANGUAGE_STANDARD = gnu11;
				GCC_DYNAMIC_NO_PIC = NO;
				GCC_NO_COMMON_BLOCKS = YES;
				GCC_OPTIMIZATION_LEVEL = 0;
				GCC_PREPROCESSOR_DEFINITIONS = (
					"DEBUG=1",
					"$(inherited)",
				);
				GCC_WARN_64_TO_32_BIT_CONVERSION = YES;
				GCC_WARN_ABOUT_RETURN_TYPE = YES_ERROR;
				GCC_WARN_UNDECLARED_SELECTOR = YES;
				GCC_WARN_UNINITIALIZED_AUTOS = YES_AGGRESSIVE;
				GCC_WARN_UNUSED_FUNCTION = YES;
				GCC_WARN_UNUSED_VARIABLE = YES;
				IPHONEOS_DEPLOYMENT_TARGET = 15.2;
				MTL_ENABLE_DEBUG_INFO = INCLUDE_SOURCE;
				MTL_FAST_MATH = YES;
				ONLY_ACTIVE_ARCH = YES;
				SDKROOT = iphoneos;
				SWIFT_ACTIVE_COMPILATION_CONDITIONS = DEBUG;
				SWIFT_OPTIMIZATION_LEVEL = "-Onone";
			};
			name = Debug;
		};
		EAD0B6B427D9311200361306 /* Release */ = {
			isa = XCBuildConfiguration;
			buildSettings = {
				ALWAYS_SEARCH_USER_PATHS = NO;
				CLANG_ANALYZER_NONNULL = YES;
				CLANG_ANALYZER_NUMBER_OBJECT_CONVERSION = YES_AGGRESSIVE;
				CLANG_CXX_LANGUAGE_STANDARD = "gnu++17";
				CLANG_CXX_LIBRARY = "libc++";
				CLANG_ENABLE_MODULES = YES;
				CLANG_ENABLE_OBJC_ARC = YES;
				CLANG_ENABLE_OBJC_WEAK = YES;
				CLANG_WARN_BLOCK_CAPTURE_AUTORELEASING = YES;
				CLANG_WARN_BOOL_CONVERSION = YES;
				CLANG_WARN_COMMA = YES;
				CLANG_WARN_CONSTANT_CONVERSION = YES;
				CLANG_WARN_DEPRECATED_OBJC_IMPLEMENTATIONS = YES;
				CLANG_WARN_DIRECT_OBJC_ISA_USAGE = YES_ERROR;
				CLANG_WARN_DOCUMENTATION_COMMENTS = YES;
				CLANG_WARN_EMPTY_BODY = YES;
				CLANG_WARN_ENUM_CONVERSION = YES;
				CLANG_WARN_INFINITE_RECURSION = YES;
				CLANG_WARN_INT_CONVERSION = YES;
				CLANG_WARN_NON_LITERAL_NULL_CONVERSION = YES;
				CLANG_WARN_OBJC_IMPLICIT_RETAIN_SELF = YES;
				CLANG_WARN_OBJC_LITERAL_CONVERSION = YES;
				CLANG_WARN_OBJC_ROOT_CLASS = YES_ERROR;
				CLANG_WARN_QUOTED_INCLUDE_IN_FRAMEWORK_HEADER = YES;
				CLANG_WARN_RANGE_LOOP_ANALYSIS = YES;
				CLANG_WARN_STRICT_PROTOTYPES = YES;
				CLANG_WARN_SUSPICIOUS_MOVE = YES;
				CLANG_WARN_UNGUARDED_AVAILABILITY = YES_AGGRESSIVE;
				CLANG_WARN_UNREACHABLE_CODE = YES;
				CLANG_WARN__DUPLICATE_METHOD_MATCH = YES;
				COPY_PHASE_STRIP = NO;
				DEBUG_INFORMATION_FORMAT = "dwarf-with-dsym";
				ENABLE_NS_ASSERTIONS = NO;
				ENABLE_STRICT_OBJC_MSGSEND = YES;
				GCC_C_LANGUAGE_STANDARD = gnu11;
				GCC_NO_COMMON_BLOCKS = YES;
				GCC_WARN_64_TO_32_BIT_CONVERSION = YES;
				GCC_WARN_ABOUT_RETURN_TYPE = YES_ERROR;
				GCC_WARN_UNDECLARED_SELECTOR = YES;
				GCC_WARN_UNINITIALIZED_AUTOS = YES_AGGRESSIVE;
				GCC_WARN_UNUSED_FUNCTION = YES;
				GCC_WARN_UNUSED_VARIABLE = YES;
				IPHONEOS_DEPLOYMENT_TARGET = 15.2;
				MTL_ENABLE_DEBUG_INFO = NO;
				MTL_FAST_MATH = YES;
				SDKROOT = iphoneos;
				SWIFT_COMPILATION_MODE = wholemodule;
				SWIFT_OPTIMIZATION_LEVEL = "-O";
				VALIDATE_PRODUCT = YES;
			};
			name = Release;
		};
		EAD0B6B627D9311200361306 /* Debug */ = {
			isa = XCBuildConfiguration;
			baseConfigurationReference = A5EAE115FB1674F843AAE419 /* Pods-TFood.debug.xcconfig */;
			buildSettings = {
				ASSETCATALOG_COMPILER_APPICON_NAME = AppIcon;
				ASSETCATALOG_COMPILER_GLOBAL_ACCENT_COLOR_NAME = AccentColor;
				CODE_SIGN_STYLE = Automatic;
				CURRENT_PROJECT_VERSION = 1;
				DEVELOPMENT_TEAM = N3M99ZZ624;
				GENERATE_INFOPLIST_FILE = YES;
				INFOPLIST_FILE = TFood/Info.plist;
				INFOPLIST_KEY_UIApplicationSupportsIndirectInputEvents = YES;
				INFOPLIST_KEY_UILaunchStoryboardName = LaunchScreen;
				INFOPLIST_KEY_UISupportedInterfaceOrientations = UIInterfaceOrientationPortrait;
				INFOPLIST_KEY_UISupportedInterfaceOrientations_iPad = "UIInterfaceOrientationPortrait UIInterfaceOrientationPortraitUpsideDown UIInterfaceOrientationLandscapeLeft UIInterfaceOrientationLandscapeRight";
				INFOPLIST_KEY_UISupportedInterfaceOrientations_iPhone = "UIInterfaceOrientationPortrait UIInterfaceOrientationLandscapeLeft UIInterfaceOrientationLandscapeRight";
				LD_RUNPATH_SEARCH_PATHS = (
					"$(inherited)",
					"@executable_path/Frameworks",
				);
				MARKETING_VERSION = 1.0;
				PRODUCT_BUNDLE_IDENTIFIER = "dsc-.TFood";
				PRODUCT_NAME = "$(TARGET_NAME)";
				SWIFT_EMIT_LOC_STRINGS = YES;
				SWIFT_VERSION = 5.0;
				TARGETED_DEVICE_FAMILY = "1,2";
			};
			name = Debug;
		};
		EAD0B6B727D9311200361306 /* Release */ = {
			isa = XCBuildConfiguration;
			baseConfigurationReference = 83F04BE7173D63D1B1D82CB1 /* Pods-TFood.release.xcconfig */;
			buildSettings = {
				ASSETCATALOG_COMPILER_APPICON_NAME = AppIcon;
				ASSETCATALOG_COMPILER_GLOBAL_ACCENT_COLOR_NAME = AccentColor;
				CODE_SIGN_STYLE = Automatic;
				CURRENT_PROJECT_VERSION = 1;
				DEVELOPMENT_TEAM = N3M99ZZ624;
				GENERATE_INFOPLIST_FILE = YES;
				INFOPLIST_FILE = TFood/Info.plist;
				INFOPLIST_KEY_UIApplicationSupportsIndirectInputEvents = YES;
				INFOPLIST_KEY_UILaunchStoryboardName = LaunchScreen;
				INFOPLIST_KEY_UISupportedInterfaceOrientations = UIInterfaceOrientationPortrait;
				INFOPLIST_KEY_UISupportedInterfaceOrientations_iPad = "UIInterfaceOrientationPortrait UIInterfaceOrientationPortraitUpsideDown UIInterfaceOrientationLandscapeLeft UIInterfaceOrientationLandscapeRight";
				INFOPLIST_KEY_UISupportedInterfaceOrientations_iPhone = "UIInterfaceOrientationPortrait UIInterfaceOrientationLandscapeLeft UIInterfaceOrientationLandscapeRight";
				LD_RUNPATH_SEARCH_PATHS = (
					"$(inherited)",
					"@executable_path/Frameworks",
				);
				MARKETING_VERSION = 1.0;
				PRODUCT_BUNDLE_IDENTIFIER = "dsc-.TFood";
				PRODUCT_NAME = "$(TARGET_NAME)";
				SWIFT_EMIT_LOC_STRINGS = YES;
				SWIFT_VERSION = 5.0;
				TARGETED_DEVICE_FAMILY = "1,2";
			};
			name = Release;
		};
/* End XCBuildConfiguration section */

/* Begin XCConfigurationList section */
		EAD0B69927D9311000361306 /* Build configuration list for PBXProject "TFood" */ = {
			isa = XCConfigurationList;
			buildConfigurations = (
				EAD0B6B327D9311200361306 /* Debug */,
				EAD0B6B427D9311200361306 /* Release */,
			);
			defaultConfigurationIsVisible = 0;
			defaultConfigurationName = Release;
		};
		EAD0B6B527D9311200361306 /* Build configuration list for PBXNativeTarget "TFood" */ = {
			isa = XCConfigurationList;
			buildConfigurations = (
				EAD0B6B627D9311200361306 /* Debug */,
				EAD0B6B727D9311200361306 /* Release */,
			);
			defaultConfigurationIsVisible = 0;
			defaultConfigurationName = Release;
		};
/* End XCConfigurationList section */

/* Begin XCVersionGroup section */
		EAD0B6AA27D9311000361306 /* TFood.xcdatamodeld */ = {
			isa = XCVersionGroup;
			children = (
				EAD0B6AB27D9311000361306 /* TFood.xcdatamodel */,
			);
			currentVersion = EAD0B6AB27D9311000361306 /* TFood.xcdatamodel */;
			path = TFood.xcdatamodeld;
			sourceTree = "<group>";
			versionGroupType = wrapper.xcdatamodel;
		};
/* End XCVersionGroup section */
	};
	rootObject = EAD0B69627D9311000361306 /* Project object */;
}
